// !$*UTF8*$!
{
	archiveVersion = 1;
	classes = {
	};
	objectVersion = 51;
	objects = {

/* Begin PBXBuildFile section */
		1217E41D24F202C700BAE117 /* kredivologo.png in Resources */ = {isa = PBXBuildFile; fileRef = 1217E41C24F202C700BAE117 /* kredivologo.png */; };
		1217E41F24F21E2F00BAE117 /* Data.swift in Sources */ = {isa = PBXBuildFile; fileRef = 1217E41E24F21E2F00BAE117 /* Data.swift */; };
		121D51AD24F1651B005631D6 /* OrderDataModel.swift in Sources */ = {isa = PBXBuildFile; fileRef = 121D51AC24F1651B005631D6 /* OrderDataModel.swift */; };
		121D51AF24F1654D005631D6 /* OrderViewModel.swift in Sources */ = {isa = PBXBuildFile; fileRef = 121D51AE24F1654D005631D6 /* OrderViewModel.swift */; };
		121D51B124F178B6005631D6 /* Extra.swift in Sources */ = {isa = PBXBuildFile; fileRef = 121D51B024F178B6005631D6 /* Extra.swift */; };
		1298333D24EE4D230081E197 /* AppDelegate.swift in Sources */ = {isa = PBXBuildFile; fileRef = 1298333C24EE4D230081E197 /* AppDelegate.swift */; };
		1298333F24EE4D230081E197 /* SceneDelegate.swift in Sources */ = {isa = PBXBuildFile; fileRef = 1298333E24EE4D230081E197 /* SceneDelegate.swift */; };
		1298334424EE4D230081E197 /* Main.storyboard in Resources */ = {isa = PBXBuildFile; fileRef = 1298334224EE4D230081E197 /* Main.storyboard */; };
		1298334624EE4D250081E197 /* Assets.xcassets in Resources */ = {isa = PBXBuildFile; fileRef = 1298334524EE4D250081E197 /* Assets.xcassets */; };
		1298334924EE4D250081E197 /* LaunchScreen.storyboard in Resources */ = {isa = PBXBuildFile; fileRef = 1298334724EE4D250081E197 /* LaunchScreen.storyboard */; };
		12E570E324EFDAF80044C136 /* promo-3.jpg in Resources */ = {isa = PBXBuildFile; fileRef = 12E570DC24EFDAF70044C136 /* promo-3.jpg */; };
		12E570E424EFDAF80044C136 /* promo-2.jpg in Resources */ = {isa = PBXBuildFile; fileRef = 12E570DD24EFDAF70044C136 /* promo-2.jpg */; };
		12E570E524EFDAF80044C136 /* telkomsel-logo.png in Resources */ = {isa = PBXBuildFile; fileRef = 12E570DE24EFDAF80044C136 /* telkomsel-logo.png */; };
		12E570E624EFDAF80044C136 /* indosat-logo.png in Resources */ = {isa = PBXBuildFile; fileRef = 12E570DF24EFDAF80044C136 /* indosat-logo.png */; };
		12E570E724EFDAF80044C136 /* others-logo.png in Resources */ = {isa = PBXBuildFile; fileRef = 12E570E024EFDAF80044C136 /* others-logo.png */; };
		12E570E824EFDAF80044C136 /* promo-1.jpg in Resources */ = {isa = PBXBuildFile; fileRef = 12E570E124EFDAF80044C136 /* promo-1.jpg */; };
		12E570E924EFDAF80044C136 /* xl-logo.png in Resources */ = {isa = PBXBuildFile; fileRef = 12E570E224EFDAF80044C136 /* xl-logo.png */; };
		12E570F224EFEDED0044C136 /* TopUpViewController.swift in Sources */ = {isa = PBXBuildFile; fileRef = 12E570F124EFEDED0044C136 /* TopUpViewController.swift */; };
		12E570F424EFEE110044C136 /* LoanConfirmationViewController.swift in Sources */ = {isa = PBXBuildFile; fileRef = 12E570F324EFEE110044C136 /* LoanConfirmationViewController.swift */; };
		12E570F624EFEE280044C136 /* PaymentDetailsViewController.swift in Sources */ = {isa = PBXBuildFile; fileRef = 12E570F524EFEE280044C136 /* PaymentDetailsViewController.swift */; };
		12E570F824EFEE3A0044C136 /* MerchantPromoViewController.swift in Sources */ = {isa = PBXBuildFile; fileRef = 12E570F724EFEE3A0044C136 /* MerchantPromoViewController.swift */; };
		12E570FA24EFEEB00044C136 /* TopUpViewViewModel.swift in Sources */ = {isa = PBXBuildFile; fileRef = 12E570F924EFEEB00044C136 /* TopUpViewViewModel.swift */; };
		12E570FC24EFEEC10044C136 /* LoanConfirmationViewViewModel.swift in Sources */ = {isa = PBXBuildFile; fileRef = 12E570FB24EFEEC10044C136 /* LoanConfirmationViewViewModel.swift */; };
		12E570FE24EFEED70044C136 /* PaymentDetailsViewViewModel.swift in Sources */ = {isa = PBXBuildFile; fileRef = 12E570FD24EFEED70044C136 /* PaymentDetailsViewViewModel.swift */; };
		12E5710024EFEEE80044C136 /* MerchantPromoViewViewModel.swift in Sources */ = {isa = PBXBuildFile; fileRef = 12E570FF24EFEEE80044C136 /* MerchantPromoViewViewModel.swift */; };
		12E5710224EFEF0C0044C136 /* PromoDataModel.swift in Sources */ = {isa = PBXBuildFile; fileRef = 12E5710124EFEF0C0044C136 /* PromoDataModel.swift */; };
		12E5710424EFEF320044C136 /* MobileProductDataModel.swift in Sources */ = {isa = PBXBuildFile; fileRef = 12E5710324EFEF320044C136 /* MobileProductDataModel.swift */; };
		12E5710724EFF77E0044C136 /* ProductViewCell.swift in Sources */ = {isa = PBXBuildFile; fileRef = 12E5710624EFF77E0044C136 /* ProductViewCell.swift */; };
		12E5710924EFF7920044C136 /* PromoViewCell.swift in Sources */ = {isa = PBXBuildFile; fileRef = 12E5710824EFF7920044C136 /* PromoViewCell.swift */; };
		12E5710B24F019FD0044C136 /* PromoViewModel.swift in Sources */ = {isa = PBXBuildFile; fileRef = 12E5710A24F019FD0044C136 /* PromoViewModel.swift */; };
		12E5710D24F01A120044C136 /* ProductViewModel.swift in Sources */ = {isa = PBXBuildFile; fileRef = 12E5710C24F01A120044C136 /* ProductViewModel.swift */; };
		A9123BAEB2123901A55CD1AB /* Pods_finaccel_kredivo_test.framework in Frameworks */ = {isa = PBXBuildFile; fileRef = 3F71A6003DB7FC0751B79537 /* Pods_finaccel_kredivo_test.framework */; };
/* End PBXBuildFile section */

/* Begin PBXFileReference section */
		1217E41C24F202C700BAE117 /* kredivologo.png */ = {isa = PBXFileReference; lastKnownFileType = image.png; path = kredivologo.png; sourceTree = "<group>"; };
		1217E41E24F21E2F00BAE117 /* Data.swift */ = {isa = PBXFileReference; lastKnownFileType = sourcecode.swift; path = Data.swift; sourceTree = "<group>"; };
		121D51AC24F1651B005631D6 /* OrderDataModel.swift */ = {isa = PBXFileReference; lastKnownFileType = sourcecode.swift; path = OrderDataModel.swift; sourceTree = "<group>"; };
		121D51AE24F1654D005631D6 /* OrderViewModel.swift */ = {isa = PBXFileReference; lastKnownFileType = sourcecode.swift; path = OrderViewModel.swift; sourceTree = "<group>"; };
		121D51B024F178B6005631D6 /* Extra.swift */ = {isa = PBXFileReference; lastKnownFileType = sourcecode.swift; path = Extra.swift; sourceTree = "<group>"; };
		1298333924EE4D230081E197 /* finaccel_kredivo_test.app */ = {isa = PBXFileReference; explicitFileType = wrapper.application; includeInIndex = 0; path = finaccel_kredivo_test.app; sourceTree = BUILT_PRODUCTS_DIR; };
		1298333C24EE4D230081E197 /* AppDelegate.swift */ = {isa = PBXFileReference; lastKnownFileType = sourcecode.swift; path = AppDelegate.swift; sourceTree = "<group>"; };
		1298333E24EE4D230081E197 /* SceneDelegate.swift */ = {isa = PBXFileReference; lastKnownFileType = sourcecode.swift; path = SceneDelegate.swift; sourceTree = "<group>"; };
		1298334324EE4D230081E197 /* Base */ = {isa = PBXFileReference; lastKnownFileType = file.storyboard; name = Base; path = Base.lproj/Main.storyboard; sourceTree = "<group>"; };
		1298334524EE4D250081E197 /* Assets.xcassets */ = {isa = PBXFileReference; lastKnownFileType = folder.assetcatalog; path = Assets.xcassets; sourceTree = "<group>"; };
		1298334824EE4D250081E197 /* Base */ = {isa = PBXFileReference; lastKnownFileType = file.storyboard; name = Base; path = Base.lproj/LaunchScreen.storyboard; sourceTree = "<group>"; };
		1298334A24EE4D250081E197 /* Info.plist */ = {isa = PBXFileReference; lastKnownFileType = text.plist.xml; path = Info.plist; sourceTree = "<group>"; };
		12E570DC24EFDAF70044C136 /* promo-3.jpg */ = {isa = PBXFileReference; lastKnownFileType = image.jpeg; path = "promo-3.jpg"; sourceTree = "<group>"; };
		12E570DD24EFDAF70044C136 /* promo-2.jpg */ = {isa = PBXFileReference; lastKnownFileType = image.jpeg; path = "promo-2.jpg"; sourceTree = "<group>"; };
		12E570DE24EFDAF80044C136 /* telkomsel-logo.png */ = {isa = PBXFileReference; lastKnownFileType = image.png; path = "telkomsel-logo.png"; sourceTree = "<group>"; };
		12E570DF24EFDAF80044C136 /* indosat-logo.png */ = {isa = PBXFileReference; lastKnownFileType = image.png; path = "indosat-logo.png"; sourceTree = "<group>"; };
		12E570E024EFDAF80044C136 /* others-logo.png */ = {isa = PBXFileReference; lastKnownFileType = image.png; path = "others-logo.png"; sourceTree = "<group>"; };
		12E570E124EFDAF80044C136 /* promo-1.jpg */ = {isa = PBXFileReference; lastKnownFileType = image.jpeg; path = "promo-1.jpg"; sourceTree = "<group>"; };
		12E570E224EFDAF80044C136 /* xl-logo.png */ = {isa = PBXFileReference; lastKnownFileType = image.png; path = "xl-logo.png"; sourceTree = "<group>"; };
		12E570F124EFEDED0044C136 /* TopUpViewController.swift */ = {isa = PBXFileReference; lastKnownFileType = sourcecode.swift; path = TopUpViewController.swift; sourceTree = "<group>"; };
		12E570F324EFEE110044C136 /* LoanConfirmationViewController.swift */ = {isa = PBXFileReference; lastKnownFileType = sourcecode.swift; path = LoanConfirmationViewController.swift; sourceTree = "<group>"; };
		12E570F524EFEE280044C136 /* PaymentDetailsViewController.swift */ = {isa = PBXFileReference; lastKnownFileType = sourcecode.swift; path = PaymentDetailsViewController.swift; sourceTree = "<group>"; };
		12E570F724EFEE3A0044C136 /* MerchantPromoViewController.swift */ = {isa = PBXFileReference; lastKnownFileType = sourcecode.swift; path = MerchantPromoViewController.swift; sourceTree = "<group>"; };
		12E570F924EFEEB00044C136 /* TopUpViewViewModel.swift */ = {isa = PBXFileReference; lastKnownFileType = sourcecode.swift; path = TopUpViewViewModel.swift; sourceTree = "<group>"; };
		12E570FB24EFEEC10044C136 /* LoanConfirmationViewViewModel.swift */ = {isa = PBXFileReference; lastKnownFileType = sourcecode.swift; path = LoanConfirmationViewViewModel.swift; sourceTree = "<group>"; };
		12E570FD24EFEED70044C136 /* PaymentDetailsViewViewModel.swift */ = {isa = PBXFileReference; lastKnownFileType = sourcecode.swift; path = PaymentDetailsViewViewModel.swift; sourceTree = "<group>"; };
		12E570FF24EFEEE80044C136 /* MerchantPromoViewViewModel.swift */ = {isa = PBXFileReference; lastKnownFileType = sourcecode.swift; path = MerchantPromoViewViewModel.swift; sourceTree = "<group>"; };
		12E5710124EFEF0C0044C136 /* PromoDataModel.swift */ = {isa = PBXFileReference; lastKnownFileType = sourcecode.swift; path = PromoDataModel.swift; sourceTree = "<group>"; };
		12E5710324EFEF320044C136 /* MobileProductDataModel.swift */ = {isa = PBXFileReference; lastKnownFileType = sourcecode.swift; path = MobileProductDataModel.swift; sourceTree = "<group>"; };
		12E5710624EFF77E0044C136 /* ProductViewCell.swift */ = {isa = PBXFileReference; lastKnownFileType = sourcecode.swift; path = ProductViewCell.swift; sourceTree = "<group>"; };
		12E5710824EFF7920044C136 /* PromoViewCell.swift */ = {isa = PBXFileReference; lastKnownFileType = sourcecode.swift; path = PromoViewCell.swift; sourceTree = "<group>"; };
		12E5710A24F019FD0044C136 /* PromoViewModel.swift */ = {isa = PBXFileReference; lastKnownFileType = sourcecode.swift; path = PromoViewModel.swift; sourceTree = "<group>"; };
		12E5710C24F01A120044C136 /* ProductViewModel.swift */ = {isa = PBXFileReference; lastKnownFileType = sourcecode.swift; path = ProductViewModel.swift; sourceTree = "<group>"; };
		1CAB9080CF22106655B37161 /* Pods-finaccel_kredivo_test.release.xcconfig */ = {isa = PBXFileReference; includeInIndex = 1; lastKnownFileType = text.xcconfig; name = "Pods-finaccel_kredivo_test.release.xcconfig"; path = "Target Support Files/Pods-finaccel_kredivo_test/Pods-finaccel_kredivo_test.release.xcconfig"; sourceTree = "<group>"; };
		3F71A6003DB7FC0751B79537 /* Pods_finaccel_kredivo_test.framework */ = {isa = PBXFileReference; explicitFileType = wrapper.framework; includeInIndex = 0; path = Pods_finaccel_kredivo_test.framework; sourceTree = BUILT_PRODUCTS_DIR; };
		5F826FFE26F08221DAE0340E /* Pods-finaccel_kredivo_test.debug.xcconfig */ = {isa = PBXFileReference; includeInIndex = 1; lastKnownFileType = text.xcconfig; name = "Pods-finaccel_kredivo_test.debug.xcconfig"; path = "Target Support Files/Pods-finaccel_kredivo_test/Pods-finaccel_kredivo_test.debug.xcconfig"; sourceTree = "<group>"; };
/* End PBXFileReference section */

/* Begin PBXFrameworksBuildPhase section */
		1298333624EE4D230081E197 /* Frameworks */ = {
			isa = PBXFrameworksBuildPhase;
			buildActionMask = 2147483647;
			files = (
				A9123BAEB2123901A55CD1AB /* Pods_finaccel_kredivo_test.framework in Frameworks */,
			);
			runOnlyForDeploymentPostprocessing = 0;
		};
/* End PBXFrameworksBuildPhase section */

/* Begin PBXGroup section */
		1298333024EE4D230081E197 = {
			isa = PBXGroup;
			children = (
				1298333B24EE4D230081E197 /* finaccel_kredivo_test */,
				1298333A24EE4D230081E197 /* Products */,
				AB51FAA1268E26A1B6F19CB6 /* Pods */,
				6E1A70B89C64FE8EC8A5065A /* Frameworks */,
			);
			sourceTree = "<group>";
		};
		1298333A24EE4D230081E197 /* Products */ = {
			isa = PBXGroup;
			children = (
				1298333924EE4D230081E197 /* finaccel_kredivo_test.app */,
			);
			name = Products;
			sourceTree = "<group>";
		};
		1298333B24EE4D230081E197 /* finaccel_kredivo_test */ = {
			isa = PBXGroup;
			children = (
				12E570EB24EFED480044C136 /* assets */,
				12E570EA24EFED430044C136 /* modules */,
				1298334524EE4D250081E197 /* Assets.xcassets */,
				1298334A24EE4D250081E197 /* Info.plist */,
			);
			path = finaccel_kredivo_test;
			sourceTree = "<group>";
		};
		12E570EA24EFED430044C136 /* modules */ = {
			isa = PBXGroup;
			children = (
				1217E41E24F21E2F00BAE117 /* Data.swift */,
				121D51B024F178B6005631D6 /* Extra.swift */,
				1298333C24EE4D230081E197 /* AppDelegate.swift */,
				1298333E24EE4D230081E197 /* SceneDelegate.swift */,
				12E570F024EFEDB20044C136 /* view model */,
				12E570EF24EFEDA60044C136 /* view  */,
				12E570ED24EFED9B0044C136 /* data model */,
				12E570EC24EFED640044C136 /* UI */,
			);
			path = modules;
			sourceTree = "<group>";
		};
		12E570EB24EFED480044C136 /* assets */ = {
			isa = PBXGroup;
			children = (
				1217E41C24F202C700BAE117 /* kredivologo.png */,
				12E570DF24EFDAF80044C136 /* indosat-logo.png */,
				12E570E024EFDAF80044C136 /* others-logo.png */,
				12E570E124EFDAF80044C136 /* promo-1.jpg */,
				12E570DD24EFDAF70044C136 /* promo-2.jpg */,
				12E570DC24EFDAF70044C136 /* promo-3.jpg */,
				12E570DE24EFDAF80044C136 /* telkomsel-logo.png */,
				12E570E224EFDAF80044C136 /* xl-logo.png */,
			);
			name = assets;
			path = modules/assets;
			sourceTree = "<group>";
		};
		12E570EC24EFED640044C136 /* UI */ = {
			isa = PBXGroup;
			children = (
				1298334224EE4D230081E197 /* Main.storyboard */,
				1298334724EE4D250081E197 /* LaunchScreen.storyboard */,
			);
			path = UI;
			sourceTree = "<group>";
		};
		12E570ED24EFED9B0044C136 /* data model */ = {
			isa = PBXGroup;
			children = (
				12E5710124EFEF0C0044C136 /* PromoDataModel.swift */,
				12E5710324EFEF320044C136 /* MobileProductDataModel.swift */,
				121D51AC24F1651B005631D6 /* OrderDataModel.swift */,
			);
			path = "data model";
			sourceTree = "<group>";
		};
		12E570EF24EFEDA60044C136 /* view  */ = {
			isa = PBXGroup;
			children = (
				12E5710524EFF7510044C136 /* cell */,
				12E570F124EFEDED0044C136 /* TopUpViewController.swift */,
				12E570F324EFEE110044C136 /* LoanConfirmationViewController.swift */,
				12E570F524EFEE280044C136 /* PaymentDetailsViewController.swift */,
				12E570F724EFEE3A0044C136 /* MerchantPromoViewController.swift */,
			);
			path = "view ";
			sourceTree = "<group>";
		};
		12E570F024EFEDB20044C136 /* view model */ = {
			isa = PBXGroup;
			children = (
				12E570F924EFEEB00044C136 /* TopUpViewViewModel.swift */,
				12E570FB24EFEEC10044C136 /* LoanConfirmationViewViewModel.swift */,
				12E570FD24EFEED70044C136 /* PaymentDetailsViewViewModel.swift */,
				12E570FF24EFEEE80044C136 /* MerchantPromoViewViewModel.swift */,
				12E5710A24F019FD0044C136 /* PromoViewModel.swift */,
				12E5710C24F01A120044C136 /* ProductViewModel.swift */,
				121D51AE24F1654D005631D6 /* OrderViewModel.swift */,
			);
			path = "view model";
			sourceTree = "<group>";
		};
		12E5710524EFF7510044C136 /* cell */ = {
			isa = PBXGroup;
			children = (
				12E5710624EFF77E0044C136 /* ProductViewCell.swift */,
				12E5710824EFF7920044C136 /* PromoViewCell.swift */,
			);
			path = cell;
			sourceTree = "<group>";
		};
		6E1A70B89C64FE8EC8A5065A /* Frameworks */ = {
			isa = PBXGroup;
			children = (
				3F71A6003DB7FC0751B79537 /* Pods_finaccel_kredivo_test.framework */,
			);
			name = Frameworks;
			sourceTree = "<group>";
		};
		AB51FAA1268E26A1B6F19CB6 /* Pods */ = {
			isa = PBXGroup;
			children = (
				5F826FFE26F08221DAE0340E /* Pods-finaccel_kredivo_test.debug.xcconfig */,
				1CAB9080CF22106655B37161 /* Pods-finaccel_kredivo_test.release.xcconfig */,
			);
			path = Pods;
			sourceTree = "<group>";
		};
/* End PBXGroup section */

/* Begin PBXNativeTarget section */
		1298333824EE4D230081E197 /* finaccel_kredivo_test */ = {
			isa = PBXNativeTarget;
			buildConfigurationList = 1298334D24EE4D250081E197 /* Build configuration list for PBXNativeTarget "finaccel_kredivo_test" */;
			buildPhases = (
				8BC3C5A101C901BB789C64B9 /* [CP] Check Pods Manifest.lock */,
				1298333524EE4D230081E197 /* Sources */,
				1298333624EE4D230081E197 /* Frameworks */,
				1298333724EE4D230081E197 /* Resources */,
				C8E29D513C34E9D8A154A644 /* [CP] Embed Pods Frameworks */,
			);
			buildRules = (
			);
			dependencies = (
			);
			name = finaccel_kredivo_test;
			productName = finaccel_kredivo_test;
			productReference = 1298333924EE4D230081E197 /* finaccel_kredivo_test.app */;
			productType = "com.apple.product-type.application";
		};
/* End PBXNativeTarget section */

/* Begin PBXProject section */
		1298333124EE4D230081E197 /* Project object */ = {
			isa = PBXProject;
			attributes = {
				LastSwiftUpdateCheck = 1130;
				LastUpgradeCheck = 1130;
				ORGANIZATIONNAME = "Adhika gunadarma";
				TargetAttributes = {
					1298333824EE4D230081E197 = {
						CreatedOnToolsVersion = 11.3.1;
					};
				};
			};
			buildConfigurationList = 1298333424EE4D230081E197 /* Build configuration list for PBXProject "finaccel_kredivo_test" */;
			compatibilityVersion = "Xcode 9.3";
			developmentRegion = en;
			hasScannedForEncodings = 0;
			knownRegions = (
				en,
				Base,
			);
			mainGroup = 1298333024EE4D230081E197;
			productRefGroup = 1298333A24EE4D230081E197 /* Products */;
			projectDirPath = "";
			projectRoot = "";
			targets = (
				1298333824EE4D230081E197 /* finaccel_kredivo_test */,
			);
		};
/* End PBXProject section */

/* Begin PBXResourcesBuildPhase section */
		1298333724EE4D230081E197 /* Resources */ = {
			isa = PBXResourcesBuildPhase;
			buildActionMask = 2147483647;
			files = (
				12E570E924EFDAF80044C136 /* xl-logo.png in Resources */,
				12E570E424EFDAF80044C136 /* promo-2.jpg in Resources */,
				1298334924EE4D250081E197 /* LaunchScreen.storyboard in Resources */,
				1298334624EE4D250081E197 /* Assets.xcassets in Resources */,
				12E570E624EFDAF80044C136 /* indosat-logo.png in Resources */,
				1298334424EE4D230081E197 /* Main.storyboard in Resources */,
				12E570E724EFDAF80044C136 /* others-logo.png in Resources */,
				1217E41D24F202C700BAE117 /* kredivologo.png in Resources */,
				12E570E824EFDAF80044C136 /* promo-1.jpg in Resources */,
				12E570E324EFDAF80044C136 /* promo-3.jpg in Resources */,
				12E570E524EFDAF80044C136 /* telkomsel-logo.png in Resources */,
			);
			runOnlyForDeploymentPostprocessing = 0;
		};
/* End PBXResourcesBuildPhase section */

/* Begin PBXShellScriptBuildPhase section */
		8BC3C5A101C901BB789C64B9 /* [CP] Check Pods Manifest.lock */ = {
			isa = PBXShellScriptBuildPhase;
			buildActionMask = 2147483647;
			files = (
			);
			inputFileListPaths = (
			);
			inputPaths = (
				"${PODS_PODFILE_DIR_PATH}/Podfile.lock",
				"${PODS_ROOT}/Manifest.lock",
			);
			name = "[CP] Check Pods Manifest.lock";
			outputFileListPaths = (
			);
			outputPaths = (
				"$(DERIVED_FILE_DIR)/Pods-finaccel_kredivo_test-checkManifestLockResult.txt",
			);
			runOnlyForDeploymentPostprocessing = 0;
			shellPath = /bin/sh;
			shellScript = "diff \"${PODS_PODFILE_DIR_PATH}/Podfile.lock\" \"${PODS_ROOT}/Manifest.lock\" > /dev/null\nif [ $? != 0 ] ; then\n    # print error to STDERR\n    echo \"error: The sandbox is not in sync with the Podfile.lock. Run 'pod install' or update your CocoaPods installation.\" >&2\n    exit 1\nfi\n# This output is used by Xcode 'outputs' to avoid re-running this script phase.\necho \"SUCCESS\" > \"${SCRIPT_OUTPUT_FILE_0}\"\n";
			showEnvVarsInLog = 0;
		};
		C8E29D513C34E9D8A154A644 /* [CP] Embed Pods Frameworks */ = {
			isa = PBXShellScriptBuildPhase;
			buildActionMask = 2147483647;
			files = (
			);
			inputFileListPaths = (
				"${PODS_ROOT}/Target Support Files/Pods-finaccel_kredivo_test/Pods-finaccel_kredivo_test-frameworks-${CONFIGURATION}-input-files.xcfilelist",
			);
			name = "[CP] Embed Pods Frameworks";
			outputFileListPaths = (
				"${PODS_ROOT}/Target Support Files/Pods-finaccel_kredivo_test/Pods-finaccel_kredivo_test-frameworks-${CONFIGURATION}-output-files.xcfilelist",
			);
			runOnlyForDeploymentPostprocessing = 0;
			shellPath = /bin/sh;
			shellScript = "\"${PODS_ROOT}/Target Support Files/Pods-finaccel_kredivo_test/Pods-finaccel_kredivo_test-frameworks.sh\"\n";
			showEnvVarsInLog = 0;
		};
/* End PBXShellScriptBuildPhase section */

/* Begin PBXSourcesBuildPhase section */
		1298333524EE4D230081E197 /* Sources */ = {
			isa = PBXSourcesBuildPhase;
			buildActionMask = 2147483647;
			files = (
				12E5710B24F019FD0044C136 /* PromoViewModel.swift in Sources */,
				121D51AD24F1651B005631D6 /* OrderDataModel.swift in Sources */,
				12E5710924EFF7920044C136 /* PromoViewCell.swift in Sources */,
				121D51AF24F1654D005631D6 /* OrderViewModel.swift in Sources */,
				12E570FC24EFEEC10044C136 /* LoanConfirmationViewViewModel.swift in Sources */,
				1298333D24EE4D230081E197 /* AppDelegate.swift in Sources */,
				12E570F424EFEE110044C136 /* LoanConfirmationViewController.swift in Sources */,
				12E5710224EFEF0C0044C136 /* PromoDataModel.swift in Sources */,
				12E5710424EFEF320044C136 /* MobileProductDataModel.swift in Sources */,
				12E570F824EFEE3A0044C136 /* MerchantPromoViewController.swift in Sources */,
				12E570FE24EFEED70044C136 /* PaymentDetailsViewViewModel.swift in Sources */,
				1217E41F24F21E2F00BAE117 /* Data.swift in Sources */,
				12E5710724EFF77E0044C136 /* ProductViewCell.swift in Sources */,
				12E570FA24EFEEB00044C136 /* TopUpViewViewModel.swift in Sources */,
				121D51B124F178B6005631D6 /* Extra.swift in Sources */,
				12E570F224EFEDED0044C136 /* TopUpViewController.swift in Sources */,
				12E570F624EFEE280044C136 /* PaymentDetailsViewController.swift in Sources */,
				12E5710024EFEEE80044C136 /* MerchantPromoViewViewModel.swift in Sources */,
				12E5710D24F01A120044C136 /* ProductViewModel.swift in Sources */,
				1298333F24EE4D230081E197 /* SceneDelegate.swift in Sources */,
			);
			runOnlyForDeploymentPostprocessing = 0;
		};
/* End PBXSourcesBuildPhase section */

/* Begin PBXVariantGroup section */
		1298334224EE4D230081E197 /* Main.storyboard */ = {
			isa = PBXVariantGroup;
			children = (
				1298334324EE4D230081E197 /* Base */,
			);
			name = Main.storyboard;
			sourceTree = "<group>";
		};
		1298334724EE4D250081E197 /* LaunchScreen.storyboard */ = {
			isa = PBXVariantGroup;
			children = (
				1298334824EE4D250081E197 /* Base */,
			);
			name = LaunchScreen.storyboard;
			sourceTree = "<group>";
		};
/* End PBXVariantGroup section */

/* Begin XCBuildConfiguration section */
		1298334B24EE4D250081E197 /* Debug */ = {
			isa = XCBuildConfiguration;
			buildSettings = {
				ALWAYS_SEARCH_USER_PATHS = NO;
				CLANG_ANALYZER_NONNULL = YES;
				CLANG_ANALYZER_NUMBER_OBJECT_CONVERSION = YES_AGGRESSIVE;
				CLANG_CXX_LANGUAGE_STANDARD = "gnu++14";
				CLANG_CXX_LIBRARY = "libc++";
				CLANG_ENABLE_MODULES = YES;
				CLANG_ENABLE_OBJC_ARC = YES;
				CLANG_ENABLE_OBJC_WEAK = YES;
				CLANG_WARN_BLOCK_CAPTURE_AUTORELEASING = YES;
				CLANG_WARN_BOOL_CONVERSION = YES;
				CLANG_WARN_COMMA = YES;
				CLANG_WARN_CONSTANT_CONVERSION = YES;
				CLANG_WARN_DEPRECATED_OBJC_IMPLEMENTATIONS = YES;
				CLANG_WARN_DIRECT_OBJC_ISA_USAGE = YES_ERROR;
				CLANG_WARN_DOCUMENTATION_COMMENTS = YES;
				CLANG_WARN_EMPTY_BODY = YES;
				CLANG_WARN_ENUM_CONVERSION = YES;
				CLANG_WARN_INFINITE_RECURSION = YES;
				CLANG_WARN_INT_CONVERSION = YES;
				CLANG_WARN_NON_LITERAL_NULL_CONVERSION = YES;
				CLANG_WARN_OBJC_IMPLICIT_RETAIN_SELF = YES;
				CLANG_WARN_OBJC_LITERAL_CONVERSION = YES;
				CLANG_WARN_OBJC_ROOT_CLASS = YES_ERROR;
				CLANG_WARN_RANGE_LOOP_ANALYSIS = YES;
				CLANG_WARN_STRICT_PROTOTYPES = YES;
				CLANG_WARN_SUSPICIOUS_MOVE = YES;
				CLANG_WARN_UNGUARDED_AVAILABILITY = YES_AGGRESSIVE;
				CLANG_WARN_UNREACHABLE_CODE = YES;
				CLANG_WARN__DUPLICATE_METHOD_MATCH = YES;
				COPY_PHASE_STRIP = NO;
				DEBUG_INFORMATION_FORMAT = dwarf;
				ENABLE_STRICT_OBJC_MSGSEND = YES;
				ENABLE_TESTABILITY = YES;
				GCC_C_LANGUAGE_STANDARD = gnu11;
				GCC_DYNAMIC_NO_PIC = NO;
				GCC_NO_COMMON_BLOCKS = YES;
				GCC_OPTIMIZATION_LEVEL = 0;
				GCC_PREPROCESSOR_DEFINITIONS = (
					"DEBUG=1",
					"$(inherited)",
				);
				GCC_WARN_64_TO_32_BIT_CONVERSION = YES;
				GCC_WARN_ABOUT_RETURN_TYPE = YES_ERROR;
				GCC_WARN_UNDECLARED_SELECTOR = YES;
				GCC_WARN_UNINITIALIZED_AUTOS = YES_AGGRESSIVE;
				GCC_WARN_UNUSED_FUNCTION = YES;
				GCC_WARN_UNUSED_VARIABLE = YES;
				IPHONEOS_DEPLOYMENT_TARGET = 13.2;
				MTL_ENABLE_DEBUG_INFO = INCLUDE_SOURCE;
				MTL_FAST_MATH = YES;
				ONLY_ACTIVE_ARCH = YES;
				SDKROOT = iphoneos;
				SWIFT_ACTIVE_COMPILATION_CONDITIONS = DEBUG;
				SWIFT_OPTIMIZATION_LEVEL = "-Onone";
			};
			name = Debug;
		};
		1298334C24EE4D250081E197 /* Release */ = {
			isa = XCBuildConfiguration;
			buildSettings = {
				ALWAYS_SEARCH_USER_PATHS = NO;
				CLANG_ANALYZER_NONNULL = YES;
				CLANG_ANALYZER_NUMBER_OBJECT_CONVERSION = YES_AGGRESSIVE;
				CLANG_CXX_LANGUAGE_STANDARD = "gnu++14";
				CLANG_CXX_LIBRARY = "libc++";
				CLANG_ENABLE_MODULES = YES;
				CLANG_ENABLE_OBJC_ARC = YES;
				CLANG_ENABLE_OBJC_WEAK = YES;
				CLANG_WARN_BLOCK_CAPTURE_AUTORELEASING = YES;
				CLANG_WARN_BOOL_CONVERSION = YES;
				CLANG_WARN_COMMA = YES;
				CLANG_WARN_CONSTANT_CONVERSION = YES;
				CLANG_WARN_DEPRECATED_OBJC_IMPLEMENTATIONS = YES;
				CLANG_WARN_DIRECT_OBJC_ISA_USAGE = YES_ERROR;
				CLANG_WARN_DOCUMENTATION_COMMENTS = YES;
				CLANG_WARN_EMPTY_BODY = YES;
				CLANG_WARN_ENUM_CONVERSION = YES;
				CLANG_WARN_INFINITE_RECURSION = YES;
				CLANG_WARN_INT_CONVERSION = YES;
				CLANG_WARN_NON_LITERAL_NULL_CONVERSION = YES;
				CLANG_WARN_OBJC_IMPLICIT_RETAIN_SELF = YES;
				CLANG_WARN_OBJC_LITERAL_CONVERSION = YES;
				CLANG_WARN_OBJC_ROOT_CLASS = YES_ERROR;
				CLANG_WARN_RANGE_LOOP_ANALYSIS = YES;
				CLANG_WARN_STRICT_PROTOTYPES = YES;
				CLANG_WARN_SUSPICIOUS_MOVE = YES;
				CLANG_WARN_UNGUARDED_AVAILABILITY = YES_AGGRESSIVE;
				CLANG_WARN_UNREACHABLE_CODE = YES;
				CLANG_WARN__DUPLICATE_METHOD_MATCH = YES;
				COPY_PHASE_STRIP = NO;
				DEBUG_INFORMATION_FORMAT = "dwarf-with-dsym";
				ENABLE_NS_ASSERTIONS = NO;
				ENABLE_STRICT_OBJC_MSGSEND = YES;
				GCC_C_LANGUAGE_STANDARD = gnu11;
				GCC_NO_COMMON_BLOCKS = YES;
				GCC_WARN_64_TO_32_BIT_CONVERSION = YES;
				GCC_WARN_ABOUT_RETURN_TYPE = YES_ERROR;
				GCC_WARN_UNDECLARED_SELECTOR = YES;
				GCC_WARN_UNINITIALIZED_AUTOS = YES_AGGRESSIVE;
				GCC_WARN_UNUSED_FUNCTION = YES;
				GCC_WARN_UNUSED_VARIABLE = YES;
				IPHONEOS_DEPLOYMENT_TARGET = 13.2;
				MTL_ENABLE_DEBUG_INFO = NO;
				MTL_FAST_MATH = YES;
				SDKROOT = iphoneos;
				SWIFT_COMPILATION_MODE = wholemodule;
				SWIFT_OPTIMIZATION_LEVEL = "-O";
				VALIDATE_PRODUCT = YES;
			};
			name = Release;
		};
		1298334E24EE4D250081E197 /* Debug */ = {
			isa = XCBuildConfiguration;
			baseConfigurationReference = 5F826FFE26F08221DAE0340E /* Pods-finaccel_kredivo_test.debug.xcconfig */;
			buildSettings = {
				ASSETCATALOG_COMPILER_APPICON_NAME = AppIcon;
				CODE_SIGN_STYLE = Automatic;
				DEVELOPMENT_TEAM = "";
				INFOPLIST_FILE = finaccel_kredivo_test/Info.plist;
				IPHONEOS_DEPLOYMENT_TARGET = 13.2;
				LD_RUNPATH_SEARCH_PATHS = (
					"$(inherited)",
					"@executable_path/Frameworks",
				);
				PRODUCT_BUNDLE_IDENTIFIER = "adhikagunadarma.example.com.finaccel-kredivo-test";
				PRODUCT_NAME = "$(TARGET_NAME)";
				SWIFT_VERSION = 5.0;
				TARGETED_DEVICE_FAMILY = "1,2";
			};
			name = Debug;
		};
		1298334F24EE4D250081E197 /* Release */ = {
			isa = XCBuildConfiguration;
			baseConfigurationReference = 1CAB9080CF22106655B37161 /* Pods-finaccel_kredivo_test.release.xcconfig */;
			buildSettings = {
				ASSETCATALOG_COMPILER_APPICON_NAME = AppIcon;
				CODE_SIGN_STYLE = Automatic;
				DEVELOPMENT_TEAM = "";
				INFOPLIST_FILE = finaccel_kredivo_test/Info.plist;
				IPHONEOS_DEPLOYMENT_TARGET = 13.2;
				LD_RUNPATH_SEARCH_PATHS = (
					"$(inherited)",
					"@executable_path/Frameworks",
				);
				PRODUCT_BUNDLE_IDENTIFIER = "adhikagunadarma.example.com.finaccel-kredivo-test";
				PRODUCT_NAME = "$(TARGET_NAME)";
				SWIFT_VERSION = 5.0;
				TARGETED_DEVICE_FAMILY = "1,2";
			};
			name = Release;
		};
/* End XCBuildConfiguration section */

/* Begin XCConfigurationList section */
		1298333424EE4D230081E197 /* Build configuration list for PBXProject "finaccel_kredivo_test" */ = {
			isa = XCConfigurationList;
			buildConfigurations = (
				1298334B24EE4D250081E197 /* Debug */,
				1298334C24EE4D250081E197 /* Release */,
			);
			defaultConfigurationIsVisible = 0;
			defaultConfigurationName = Release;
		};
		1298334D24EE4D250081E197 /* Build configuration list for PBXNativeTarget "finaccel_kredivo_test" */ = {
			isa = XCConfigurationList;
			buildConfigurations = (
				1298334E24EE4D250081E197 /* Debug */,
				1298334F24EE4D250081E197 /* Release */,
			);
			defaultConfigurationIsVisible = 0;
			defaultConfigurationName = Release;
		};
/* End XCConfigurationList section */
	};
	rootObject = 1298333124EE4D230081E197 /* Project object */;
}
